
Microsoft Visual Studio Solution File, Format Version 12.00
# Visual Studio Version 17
VisualStudioVersion = 17.13.35828.75 d17.13
MinimumVisualStudioVersion = 10.0.40219.1
Project("{FAE04EC0-301F-11D3-BF4B-00C04F79EFBC}") = "Inheritance2", "Inheritance2\Inheritance2.csproj", "{1E7D2F5C-C099-421A-9597-B7530CD69D22}"
EndProject
Global
	GlobalSection(SolutionConfigurationPlatforms) = preSolution
		Debug|Any CPU = Debug|Any CPU
		Release|Any CPU = Release|Any CPU
	EndGlobalSection
	GlobalSection(ProjectConfigurationPlatforms) = postSolution
		{1E7D2F5C-C099-421A-9597-B7530CD69D22}.Debug|Any CPU.ActiveCfg = Debug|Any CPU
		{1E7D2F5C-C099-421A-9597-B7530CD69D22}.Debug|Any CPU.Build.0 = Debug|Any CPU
		{1E7D2F5C-C099-421A-9597-B7530CD69D22}.Release|Any CPU.ActiveCfg = Release|Any CPU
		{1E7D2F5C-C099-421A-9597-B7530CD69D22}.Release|Any CPU.Build.0 = Release|Any CPU
	EndGlobalSection
	GlobalSection(SolutionProperties) = preSolution
		HideSolutionNode = FALSE
	EndGlobalSection
	GlobalSection(ExtensibilityGlobals) = postSolution
		SolutionGuid = {DA452E12-5B33-4ED4-AD06-09A8116A4705}
	EndGlobalSection
EndGlobal
