
Microsoft Visual Studio Solution File, Format Version 12.00
# Visual Studio Version 17
VisualStudioVersion = 17.13.35828.75 d17.13
MinimumVisualStudioVersion = 10.0.40219.1
Project("{FAE04EC0-301F-11D3-BF4B-00C04F79EFBC}") = "Inheritance", "Inheritance.csproj", "{722CDB3C-C834-4185-8E03-5277E2CAE5E3}"
EndProject
Global
	GlobalSection(SolutionConfigurationPlatforms) = preSolution
		Debug|Any CPU = Debug|Any CPU
		Release|Any CPU = Release|Any CPU
	EndGlobalSection
	GlobalSection(ProjectConfigurationPlatforms) = postSolution
		{722CDB3C-C834-4185-8E03-5277E2CAE5E3}.Debug|Any CPU.ActiveCfg = Debug|Any CPU
		{722CDB3C-C834-4185-8E03-5277E2CAE5E3}.Debug|Any CPU.Build.0 = Debug|Any CPU
		{722CDB3C-C834-4185-8E03-5277E2CAE5E3}.Release|Any CPU.ActiveCfg = Release|Any CPU
		{722CDB3C-C834-4185-8E03-5277E2CAE5E3}.Release|Any CPU.Build.0 = Release|Any CPU
	EndGlobalSection
	GlobalSection(SolutionProperties) = preSolution
		HideSolutionNode = FALSE
	EndGlobalSection
	GlobalSection(ExtensibilityGlobals) = postSolution
		SolutionGuid = {E4BC7279-7074-4149-99FF-E63540FD473D}
	EndGlobalSection
EndGlobal
